
Microsoft Visual Studio Solution File, Format Version 12.00
# Visual Studio Version 17
VisualStudioVersion = 17.11.35312.102
MinimumVisualStudioVersion = 10.0.40219.1
Project("{FAE04EC0-301F-11D3-BF4B-00C04F79EFBC}") = "WpfApp1", "WpfApp1\WpfApp1.csproj", "{B1459C54-CA57-41CA-89A2-6F8994707933}"
EndProject
Global
	GlobalSection(SolutionConfigurationPlatforms) = preSolution
		Debug|Any CPU = Debug|Any CPU
		Release|Any CPU = Release|Any CPU
	EndGlobalSection
	GlobalSection(ProjectConfigurationPlatforms) = postSolution
		{B1459C54-CA57-41CA-89A2-6F8994707933}.Debug|Any CPU.ActiveCfg = Debug|Any CPU
		{B1459C54-CA57-41CA-89A2-6F8994707933}.Debug|Any CPU.Build.0 = Debug|Any CPU
		{B1459C54-CA57-41CA-89A2-6F8994707933}.Release|Any CPU.ActiveCfg = Release|Any CPU
		{B1459C54-CA57-41CA-89A2-6F8994707933}.Release|Any CPU.Build.0 = Release|Any CPU
	EndGlobalSection
	GlobalSection(SolutionProperties) = preSolution
		HideSolutionNode = FALSE
	EndGlobalSection
	GlobalSection(ExtensibilityGlobals) = postSolution
		SolutionGuid = {31CEAE5B-3143-4C30-9913-156C52F75075}
	EndGlobalSection
EndGlobal
